<?xml version="1.0" encoding="utf-8"?>
<Project ToolsVersion="4.0" xmlns="http://schemas.microsoft.com/developer/msbuild/2003">
  <ItemGroup>
    <ClCompile Include="scripts\src\collectible.cpp">
      <Filter>Solutions</Filter>
    </ClCompile>
    <ClCompile Include="scripts\src\debug.cpp">
      <Filter>Solutions</Filter>
    </ClCompile>
    <ClCompile Include="scripts\src\camera.cpp">
      <Filter>Solutions</Filter>
    </ClCompile>
    <ClCompile Include="scripts\game.cpp">
      <Filter>Solutions</Filter>
    </ClCompile>
    <ClCompile Include="scripts\src\player.cpp">
      <Filter>Solutions</Filter>
    </ClCompile>
    <ClCompile Include="scripts\src\surface.cpp">
      <Filter>Solutions</Filter>
    </ClCompile>
    <ClCompile Include="scripts\src\template.cpp">
      <Filter>Solutions</Filter>
    </ClCompile>
    <ClCompile Include="scripts\src\tilemap.cpp">
      <Filter>Solutions</Filter>
    </ClCompile>
    <ClCompile Include="scripts\src\wall.cpp">
      <Filter>Solutions</Filter>
    </ClCompile>
    <ClCompile Include="scripts\src\collisions.cpp">
      <Filter>Solutions</Filter>
    </ClCompile>
    <ClCompile Include="scripts\src\level.cpp">
      <Filter>Solutions</Filter>
    </ClCompile>
    <ClCompile Include="scripts\src\gamesound.cpp">
      <Filter>Solutions</Filter>
    </ClCompile>
    <ClCompile Include="scripts\src\health.cpp">
      <Filter>Solutions</Filter>
    </ClCompile>
    <ClCompile Include="scripts\src\bell.cpp">
      <Filter>Solutions</Filter>
    </ClCompile>
    <ClCompile Include="scripts\src\circular_buffer.cpp">
      <Filter>Solutions\AIs</Filter>
    </ClCompile>
    <ClCompile Include="scripts\src\ai_patrol.cpp">
      <Filter>Solutions\AIs</Filter>
    </ClCompile>
    <ClCompile Include="scripts\src\ai_follow.cpp">
      <Filter>Solutions\AIs</Filter>
    </ClCompile>
    <ClCompile Include="scripts\src\ai_copy.cpp">
      <Filter>Solutions\AIs</Filter>
    </ClCompile>
    <ClCompile Include="scripts\src\text.cpp">
      <Filter>Solutions</Filter>
    </ClCompile>
    <ClCompile Include="scripts\src\ai.cpp">
      <Filter>Solutions\AIs</Filter>
    </ClCompile>
    <ClCompile Include="scripts\src\cloud.cpp">
      <Filter>Solutions</Filter>
    </ClCompile>
    <ClCompile Include="scripts\src\menu.cpp">
      <Filter>Solutions</Filter>
    </ClCompile>
  </ItemGroup>
  <ItemGroup>
    <ClInclude Include="scripts\include\player.h">
      <Filter>Headers</Filter>
    </ClInclude>
    <ClInclude Include="scripts\include\surface.h">
      <Filter>Headers</Filter>
    </ClInclude>
    <ClInclude Include="scripts\include\template.h">
      <Filter>Headers</Filter>
    </ClInclude>
    <ClInclude Include="scripts\include\tilemap.h">
      <Filter>Headers</Filter>
    </ClInclude>
    <ClInclude Include="scripts\include\debug.h">
      <Filter>Headers</Filter>
    </ClInclude>
    <ClInclude Include="scripts\include\camera.h">
      <Filter>Headers</Filter>
    </ClInclude>
    <ClInclude Include="scripts\game.h">
      <Filter>Headers</Filter>
    </ClInclude>
    <ClInclude Include="scripts\include\collectible.h">
      <Filter>Headers</Filter>
    </ClInclude>
    <ClInclude Include="scripts\include\wall.h">
      <Filter>Headers</Filter>
    </ClInclude>
    <ClInclude Include="scripts\include\vec2_hash.h">
      <Filter>Headers</Filter>
    </ClInclude>
    <ClInclude Include="scripts\include\collisions.h">
      <Filter>Headers</Filter>
    </ClInclude>
    <ClInclude Include="scripts\include\level.h">
      <Filter>Headers</Filter>
    </ClInclude>
    <ClInclude Include="scripts\include\gamesound.h">
      <Filter>Headers</Filter>
    </ClInclude>
    <ClInclude Include="scripts\include\health.h">
      <Filter>Headers</Filter>
    </ClInclude>
    <ClInclude Include="scripts\include\bell.h">
      <Filter>Headers</Filter>
    </ClInclude>
    <ClInclude Include="scripts\include\ai_patrol.h">
      <Filter>Headers\AIs</Filter>
    </ClInclude>
    <ClInclude Include="scripts\include\ai_copy.h">
      <Filter>Headers\AIs</Filter>
    </ClInclude>
    <ClInclude Include="scripts\include\ai_follow.h">
      <Filter>Headers\AIs</Filter>
    </ClInclude>
    <ClInclude Include="scripts\include\circular_buffer.h">
      <Filter>Headers\AIs</Filter>
    </ClInclude>
    <ClInclude Include="scripts\include\text.h">
      <Filter>Headers</Filter>
    </ClInclude>
    <ClInclude Include="scripts\include\ai.h">
      <Filter>Headers\AIs</Filter>
    </ClInclude>
    <ClInclude Include="scripts\include\cloud.h">
      <Filter>Headers</Filter>
    </ClInclude>
    <ClInclude Include="scripts\include\menu.h">
      <Filter>Headers</Filter>
    </ClInclude>
    <ClInclude Include="resource.h">
      <Filter>Other</Filter>
    </ClInclude>
  </ItemGroup>
  <ItemGroup>
    <Filter Include="Headers">
      <UniqueIdentifier>{55951a9c-3e10-4312-9f89-25e56a567b74}</UniqueIdentifier>
    </Filter>
    <Filter Include="Other">
      <UniqueIdentifier>{19be942a-7ccf-4e24-9553-b3fa0d247f5a}</UniqueIdentifier>
    </Filter>
    <Filter Include="Headers\AIs">
      <UniqueIdentifier>{edbd892d-5b7b-4d17-9f3f-8a6549c86c6b}</UniqueIdentifier>
    </Filter>
    <Filter Include="Solutions">
      <UniqueIdentifier>{ca09774e-7d53-4b29-a1ee-dfc01efeec8f}</UniqueIdentifier>
    </Filter>
    <Filter Include="Solutions\AIs">
      <UniqueIdentifier>{a0f6295d-8473-495f-a53d-35202be8a855}</UniqueIdentifier>
    </Filter>
  </ItemGroup>
  <ItemGroup>
    <Text Include="readme.txt">
      <Filter>Other</Filter>
    </Text>
  </ItemGroup>
  <ItemGroup>
    <Image Include="assets\icons\icon_fruits_collide_release.ico">
      <Filter>Other</Filter>
    </Image>
  </ItemGroup>
  <ItemGroup>
    <ResourceCompile Include="Resource.rc">
      <Filter>Other</Filter>
    </ResourceCompile>
  </ItemGroup>
</Project>