<?xml version="1.0" encoding="utf-8"?>
<Project ToolsVersion="4.0" xmlns="http://schemas.microsoft.com/developer/msbuild/2003">
  <ItemGroup>
    <ClCompile Include="collectible.cpp">
      <Filter>Solutions</Filter>
    </ClCompile>
    <ClCompile Include="debug.cpp">
      <Filter>Solutions</Filter>
    </ClCompile>
    <ClCompile Include="camera.cpp">
      <Filter>Solutions</Filter>
    </ClCompile>
    <ClCompile Include="game.cpp">
      <Filter>Solutions</Filter>
    </ClCompile>
    <ClCompile Include="player.cpp">
      <Filter>Solutions</Filter>
    </ClCompile>
    <ClCompile Include="surface.cpp">
      <Filter>Solutions</Filter>
    </ClCompile>
    <ClCompile Include="template.cpp">
      <Filter>Solutions</Filter>
    </ClCompile>
    <ClCompile Include="tilemap.cpp">
      <Filter>Solutions</Filter>
    </ClCompile>
    <ClCompile Include="wall.cpp">
      <Filter>Solutions</Filter>
    </ClCompile>
    <ClCompile Include="collisions.cpp">
      <Filter>Solutions</Filter>
    </ClCompile>
    <ClCompile Include="level.cpp">
      <Filter>Solutions</Filter>
    </ClCompile>
    <ClCompile Include="gamesound.cpp">
      <Filter>Solutions</Filter>
    </ClCompile>
    <ClCompile Include="health.cpp">
      <Filter>Solutions</Filter>
    </ClCompile>
    <ClCompile Include="bell.cpp">
      <Filter>Solutions</Filter>
    </ClCompile>
    <ClCompile Include="circular_buffer.cpp">
      <Filter>Solutions\AIs</Filter>
    </ClCompile>
    <ClCompile Include="ai_patrol.cpp">
      <Filter>Solutions\AIs</Filter>
    </ClCompile>
    <ClCompile Include="ai_follow.cpp">
      <Filter>Solutions\AIs</Filter>
    </ClCompile>
    <ClCompile Include="ai_copy.cpp">
      <Filter>Solutions\AIs</Filter>
    </ClCompile>
    <ClCompile Include="text.cpp">
      <Filter>Solutions</Filter>
    </ClCompile>
    <ClCompile Include="ai.cpp">
      <Filter>Solutions\AIs</Filter>
    </ClCompile>
    <ClCompile Include="collisions_old.cpp">
      <Filter>Other</Filter>
    </ClCompile>
    <ClCompile Include="cloud.cpp">
      <Filter>Solutions</Filter>
    </ClCompile>
    <ClCompile Include="tile_old.cpp">
      <Filter>Other</Filter>
    </ClCompile>
    <ClCompile Include="menu.cpp">
      <Filter>Solutions</Filter>
    </ClCompile>
  </ItemGroup>
  <ItemGroup>
    <ClInclude Include="player.h">
      <Filter>Headers</Filter>
    </ClInclude>
    <ClInclude Include="surface.h">
      <Filter>Headers</Filter>
    </ClInclude>
    <ClInclude Include="template.h">
      <Filter>Headers</Filter>
    </ClInclude>
    <ClInclude Include="tilemap.h">
      <Filter>Headers</Filter>
    </ClInclude>
    <ClInclude Include="debug.h">
      <Filter>Headers</Filter>
    </ClInclude>
    <ClInclude Include="camera.h">
      <Filter>Headers</Filter>
    </ClInclude>
    <ClInclude Include="game.h">
      <Filter>Headers</Filter>
    </ClInclude>
    <ClInclude Include="collectible.h">
      <Filter>Headers</Filter>
    </ClInclude>
    <ClInclude Include="wall.h">
      <Filter>Headers</Filter>
    </ClInclude>
    <ClInclude Include="vec2_hash.h">
      <Filter>Headers</Filter>
    </ClInclude>
    <ClInclude Include="collisions.h">
      <Filter>Headers</Filter>
    </ClInclude>
    <ClInclude Include="level.h">
      <Filter>Headers</Filter>
    </ClInclude>
    <ClInclude Include="gamesound.h">
      <Filter>Headers</Filter>
    </ClInclude>
    <ClInclude Include="health.h">
      <Filter>Headers</Filter>
    </ClInclude>
    <ClInclude Include="bell.h">
      <Filter>Headers</Filter>
    </ClInclude>
    <ClInclude Include="ai_patrol.h">
      <Filter>Headers\AIs</Filter>
    </ClInclude>
    <ClInclude Include="ai_copy.h">
      <Filter>Headers\AIs</Filter>
    </ClInclude>
    <ClInclude Include="ai_follow.h">
      <Filter>Headers\AIs</Filter>
    </ClInclude>
    <ClInclude Include="circular_buffer.h">
      <Filter>Headers\AIs</Filter>
    </ClInclude>
    <ClInclude Include="text.h">
      <Filter>Headers</Filter>
    </ClInclude>
    <ClInclude Include="ai.h">
      <Filter>Headers\AIs</Filter>
    </ClInclude>
    <ClInclude Include="cloud.h">
      <Filter>Headers</Filter>
    </ClInclude>
    <ClInclude Include="menu.h">
      <Filter>Headers</Filter>
    </ClInclude>
  </ItemGroup>
  <ItemGroup>
    <Filter Include="Headers">
      <UniqueIdentifier>{55951a9c-3e10-4312-9f89-25e56a567b74}</UniqueIdentifier>
    </Filter>
    <Filter Include="Other">
      <UniqueIdentifier>{19be942a-7ccf-4e24-9553-b3fa0d247f5a}</UniqueIdentifier>
    </Filter>
    <Filter Include="Headers\AIs">
      <UniqueIdentifier>{edbd892d-5b7b-4d17-9f3f-8a6549c86c6b}</UniqueIdentifier>
    </Filter>
    <Filter Include="Solutions">
      <UniqueIdentifier>{ca09774e-7d53-4b29-a1ee-dfc01efeec8f}</UniqueIdentifier>
    </Filter>
    <Filter Include="Solutions\AIs">
      <UniqueIdentifier>{a0f6295d-8473-495f-a53d-35202be8a855}</UniqueIdentifier>
    </Filter>
  </ItemGroup>
  <ItemGroup>
    <Text Include="_readme.txt">
      <Filter>Other</Filter>
    </Text>
  </ItemGroup>
</Project>